// !$*UTF8*$!
{
	archiveVersion = 1;
	classes = {
	};
	objectVersion = 56;
	objects = {

/* Begin PBXBuildFile section */
		16062C382BF3E96300886364 /* Trip.swift in Sources */ = {isa = PBXBuildFile; fileRef = 16062C372BF3E96300886364 /* Trip.swift */; };
		773C24E12BEEA77700B2B949 /* Budget_VoyageApp.swift in Sources */ = {isa = PBXBuildFile; fileRef = 773C24E02BEEA77700B2B949 /* Budget_VoyageApp.swift */; };
		773C24E32BEEA77700B2B949 /* ContentView.swift in Sources */ = {isa = PBXBuildFile; fileRef = 773C24E22BEEA77700B2B949 /* ContentView.swift */; };
		773C24E52BEEA77B00B2B949 /* Assets.xcassets in Resources */ = {isa = PBXBuildFile; fileRef = 773C24E42BEEA77B00B2B949 /* Assets.xcassets */; };
		773C24E82BEEA77B00B2B949 /* Preview Assets.xcassets in Resources */ = {isa = PBXBuildFile; fileRef = 773C24E72BEEA77B00B2B949 /* Preview Assets.xcassets */; };
		E00EF8EF2BF46DC300BB26EF /* SplashScreenView.swift in Sources */ = {isa = PBXBuildFile; fileRef = E00EF8EE2BF46DC300BB26EF /* SplashScreenView.swift */; };
		E00EF8F72BF5195400BB26EF /* CreateTripView.swift in Sources */ = {isa = PBXBuildFile; fileRef = E00EF8F62BF5195400BB26EF /* CreateTripView.swift */; };
		E00EF8F92BF519BB00BB26EF /* PageModel.swift in Sources */ = {isa = PBXBuildFile; fileRef = E00EF8F82BF519BB00BB26EF /* PageModel.swift */; };
		E00EF8FB2BF519E800BB26EF /* PageView.swift in Sources */ = {isa = PBXBuildFile; fileRef = E00EF8FA2BF519E800BB26EF /* PageView.swift */; };
		E00EF8FD2BF52E5E00BB26EF /* TripsView.swift in Sources */ = {isa = PBXBuildFile; fileRef = E00EF8FC2BF52E5E00BB26EF /* TripsView.swift */; };
		E00EF8FF2BF52E8300BB26EF /* BudgetView.swift in Sources */ = {isa = PBXBuildFile; fileRef = E00EF8FE2BF52E8300BB26EF /* BudgetView.swift */; };
		E00EF9012BF52EB100BB26EF /* ListsTripsView.swift in Sources */ = {isa = PBXBuildFile; fileRef = E00EF9002BF52EB100BB26EF /* ListsTripsView.swift */; };
		E00EF9032BF53B7200BB26EF /* MainNavigationView.swift in Sources */ = {isa = PBXBuildFile; fileRef = E00EF9022BF53B7200BB26EF /* MainNavigationView.swift */; };
/* End PBXBuildFile section */

/* Begin PBXFileReference section */
		16062C372BF3E96300886364 /* Trip.swift */ = {isa = PBXFileReference; lastKnownFileType = sourcecode.swift; path = Trip.swift; sourceTree = "<group>"; };
		773C24DD2BEEA77700B2B949 /* Budget Voyage.app */ = {isa = PBXFileReference; explicitFileType = wrapper.application; includeInIndex = 0; path = "Budget Voyage.app"; sourceTree = BUILT_PRODUCTS_DIR; };
		773C24E02BEEA77700B2B949 /* Budget_VoyageApp.swift */ = {isa = PBXFileReference; lastKnownFileType = sourcecode.swift; path = Budget_VoyageApp.swift; sourceTree = "<group>"; };
		773C24E22BEEA77700B2B949 /* ContentView.swift */ = {isa = PBXFileReference; lastKnownFileType = sourcecode.swift; path = ContentView.swift; sourceTree = "<group>"; };
		773C24E42BEEA77B00B2B949 /* Assets.xcassets */ = {isa = PBXFileReference; lastKnownFileType = folder.assetcatalog; path = Assets.xcassets; sourceTree = "<group>"; };
		773C24E72BEEA77B00B2B949 /* Preview Assets.xcassets */ = {isa = PBXFileReference; lastKnownFileType = folder.assetcatalog; path = "Preview Assets.xcassets"; sourceTree = "<group>"; };
		E00EF8EE2BF46DC300BB26EF /* SplashScreenView.swift */ = {isa = PBXFileReference; lastKnownFileType = sourcecode.swift; path = SplashScreenView.swift; sourceTree = "<group>"; };
		E00EF8F62BF5195400BB26EF /* CreateTripView.swift */ = {isa = PBXFileReference; lastKnownFileType = sourcecode.swift; path = CreateTripView.swift; sourceTree = "<group>"; };
		E00EF8F82BF519BB00BB26EF /* PageModel.swift */ = {isa = PBXFileReference; lastKnownFileType = sourcecode.swift; path = PageModel.swift; sourceTree = "<group>"; };
		E00EF8FA2BF519E800BB26EF /* PageView.swift */ = {isa = PBXFileReference; lastKnownFileType = sourcecode.swift; path = PageView.swift; sourceTree = "<group>"; };
		E00EF8FC2BF52E5E00BB26EF /* TripsView.swift */ = {isa = PBXFileReference; lastKnownFileType = sourcecode.swift; path = TripsView.swift; sourceTree = "<group>"; };
		E00EF8FE2BF52E8300BB26EF /* BudgetView.swift */ = {isa = PBXFileReference; lastKnownFileType = sourcecode.swift; path = BudgetView.swift; sourceTree = "<group>"; };
		E00EF9002BF52EB100BB26EF /* ListsTripsView.swift */ = {isa = PBXFileReference; lastKnownFileType = sourcecode.swift; path = ListsTripsView.swift; sourceTree = "<group>"; };
		E00EF9022BF53B7200BB26EF /* MainNavigationView.swift */ = {isa = PBXFileReference; lastKnownFileType = sourcecode.swift; path = MainNavigationView.swift; sourceTree = "<group>"; };
/* End PBXFileReference section */

/* Begin PBXFrameworksBuildPhase section */
		773C24DA2BEEA77700B2B949 /* Frameworks */ = {
			isa = PBXFrameworksBuildPhase;
			buildActionMask = 2147483647;
			files = (
			);
			runOnlyForDeploymentPostprocessing = 0;
		};
/* End PBXFrameworksBuildPhase section */

/* Begin PBXGroup section */
		773C24D42BEEA77700B2B949 = {
			isa = PBXGroup;
			children = (
				773C24DF2BEEA77700B2B949 /* Budget Voyage */,
				773C24DE2BEEA77700B2B949 /* Products */,
			);
			sourceTree = "<group>";
		};
		773C24DE2BEEA77700B2B949 /* Products */ = {
			isa = PBXGroup;
			children = (
				773C24DD2BEEA77700B2B949 /* Budget Voyage.app */,
			);
			name = Products;
			sourceTree = "<group>";
		};
		773C24DF2BEEA77700B2B949 /* Budget Voyage */ = {
			isa = PBXGroup;
			children = (
				773C24E02BEEA77700B2B949 /* Budget_VoyageApp.swift */,
				E00EF9022BF53B7200BB26EF /* MainNavigationView.swift */,
				773C24E22BEEA77700B2B949 /* ContentView.swift */,
AsifVoyage
				E00EF8FC2BF52E5E00BB26EF /* TripsView.swift */,
				E00EF8FE2BF52E8300BB26EF /* BudgetView.swift */,
				E00EF9002BF52EB100BB26EF /* ListsTripsView.swift */,
				E00EF8F82BF519BB00BB26EF /* PageModel.swift */,
				E00EF8FA2BF519E800BB26EF /* PageView.swift */,
				E00EF8F62BF5195400BB26EF /* CreateTripView.swift */,
				E00EF8EE2BF46DC300BB26EF /* SplashScreenView.swift */,

				16062C372BF3E96300886364 /* Trip.swift */,
main
				773C24E42BEEA77B00B2B949 /* Assets.xcassets */,
				773C24E62BEEA77B00B2B949 /* Preview Content */,
			);
			path = "Budget Voyage";
			sourceTree = "<group>";
		};
		773C24E62BEEA77B00B2B949 /* Preview Content */ = {
			isa = PBXGroup;
			children = (
				773C24E72BEEA77B00B2B949 /* Preview Assets.xcassets */,
			);
			path = "Preview Content";
			sourceTree = "<group>";
		};
/* End PBXGroup section */

/* Begin PBXNativeTarget section */
		773C24DC2BEEA77700B2B949 /* Budget Voyage */ = {
			isa = PBXNativeTarget;
			buildConfigurationList = 773C24EB2BEEA77B00B2B949 /* Build configuration list for PBXNativeTarget "Budget Voyage" */;
			buildPhases = (
				773C24D92BEEA77700B2B949 /* Sources */,
				773C24DA2BEEA77700B2B949 /* Frameworks */,
				773C24DB2BEEA77700B2B949 /* Resources */,
			);
			buildRules = (
			);
			dependencies = (
			);
			name = "Budget Voyage";
			productName = "Budget Voyage";
			productReference = 773C24DD2BEEA77700B2B949 /* Budget Voyage.app */;
			productType = "com.apple.product-type.application";
		};
/* End PBXNativeTarget section */

/* Begin PBXProject section */
		773C24D52BEEA77700B2B949 /* Project object */ = {
			isa = PBXProject;
			attributes = {
				BuildIndependentTargetsInParallel = 1;
				LastSwiftUpdateCheck = 1530;
				LastUpgradeCheck = 1530;
				TargetAttributes = {
					773C24DC2BEEA77700B2B949 = {
						CreatedOnToolsVersion = 15.3;
					};
				};
			};
			buildConfigurationList = 773C24D82BEEA77700B2B949 /* Build configuration list for PBXProject "Budget Voyage" */;
			compatibilityVersion = "Xcode 14.0";
			developmentRegion = en;
			hasScannedForEncodings = 0;
			knownRegions = (
				en,
				Base,
			);
			mainGroup = 773C24D42BEEA77700B2B949;
			productRefGroup = 773C24DE2BEEA77700B2B949 /* Products */;
			projectDirPath = "";
			projectRoot = "";
			targets = (
				773C24DC2BEEA77700B2B949 /* Budget Voyage */,
			);
		};
/* End PBXProject section */

/* Begin PBXResourcesBuildPhase section */
		773C24DB2BEEA77700B2B949 /* Resources */ = {
			isa = PBXResourcesBuildPhase;
			buildActionMask = 2147483647;
			files = (
				773C24E82BEEA77B00B2B949 /* Preview Assets.xcassets in Resources */,
				773C24E52BEEA77B00B2B949 /* Assets.xcassets in Resources */,
			);
			runOnlyForDeploymentPostprocessing = 0;
		};
/* End PBXResourcesBuildPhase section */

/* Begin PBXSourcesBuildPhase section */
		773C24D92BEEA77700B2B949 /* Sources */ = {
			isa = PBXSourcesBuildPhase;
			buildActionMask = 2147483647;
			files = (
AsifVoyage
				E00EF8FD2BF52E5E00BB26EF /* TripsView.swift in Sources */,
				E00EF8FF2BF52E8300BB26EF /* BudgetView.swift in Sources */,
				16062C382BF3E96300886364 /* Trip.swift in Sources */,
 main
				773C24E32BEEA77700B2B949 /* ContentView.swift in Sources */,
				E00EF9032BF53B7200BB26EF /* MainNavigationView.swift in Sources */,
				E00EF8FB2BF519E800BB26EF /* PageView.swift in Sources */,
				E00EF8F92BF519BB00BB26EF /* PageModel.swift in Sources */,
				E00EF9012BF52EB100BB26EF /* ListsTripsView.swift in Sources */,
				E00EF8F72BF5195400BB26EF /* CreateTripView.swift in Sources */,
				773C24E12BEEA77700B2B949 /* Budget_VoyageApp.swift in Sources */,
				E00EF8EF2BF46DC300BB26EF /* SplashScreenView.swift in Sources */,
			);
			runOnlyForDeploymentPostprocessing = 0;
		};
/* End PBXSourcesBuildPhase section */

/* Begin XCBuildConfiguration section */
		773C24E92BEEA77B00B2B949 /* Debug */ = {
			isa = XCBuildConfiguration;
			buildSettings = {
				ALWAYS_SEARCH_USER_PATHS = NO;
				ASSETCATALOG_COMPILER_GENERATE_SWIFT_ASSET_SYMBOL_EXTENSIONS = YES;
				CLANG_ANALYZER_NONNULL = YES;
				CLANG_ANALYZER_NUMBER_OBJECT_CONVERSION = YES_AGGRESSIVE;
				CLANG_CXX_LANGUAGE_STANDARD = "gnu++20";
				CLANG_ENABLE_MODULES = YES;
				CLANG_ENABLE_OBJC_ARC = YES;
				CLANG_ENABLE_OBJC_WEAK = YES;
				CLANG_WARN_BLOCK_CAPTURE_AUTORELEASING = YES;
				CLANG_WARN_BOOL_CONVERSION = YES;
				CLANG_WARN_COMMA = YES;
				CLANG_WARN_CONSTANT_CONVERSION = YES;
				CLANG_WARN_DEPRECATED_OBJC_IMPLEMENTATIONS = YES;
				CLANG_WARN_DIRECT_OBJC_ISA_USAGE = YES_ERROR;
				CLANG_WARN_DOCUMENTATION_COMMENTS = YES;
				CLANG_WARN_EMPTY_BODY = YES;
				CLANG_WARN_ENUM_CONVERSION = YES;
				CLANG_WARN_INFINITE_RECURSION = YES;
				CLANG_WARN_INT_CONVERSION = YES;
				CLANG_WARN_NON_LITERAL_NULL_CONVERSION = YES;
				CLANG_WARN_OBJC_IMPLICIT_RETAIN_SELF = YES;
				CLANG_WARN_OBJC_LITERAL_CONVERSION = YES;
				CLANG_WARN_OBJC_ROOT_CLASS = YES_ERROR;
				CLANG_WARN_QUOTED_INCLUDE_IN_FRAMEWORK_HEADER = YES;
				CLANG_WARN_RANGE_LOOP_ANALYSIS = YES;
				CLANG_WARN_STRICT_PROTOTYPES = YES;
				CLANG_WARN_SUSPICIOUS_MOVE = YES;
				CLANG_WARN_UNGUARDED_AVAILABILITY = YES_AGGRESSIVE;
				CLANG_WARN_UNREACHABLE_CODE = YES;
				CLANG_WARN__DUPLICATE_METHOD_MATCH = YES;
				COPY_PHASE_STRIP = NO;
				DEBUG_INFORMATION_FORMAT = dwarf;
				ENABLE_STRICT_OBJC_MSGSEND = YES;
				ENABLE_TESTABILITY = YES;
				ENABLE_USER_SCRIPT_SANDBOXING = YES;
				GCC_C_LANGUAGE_STANDARD = gnu17;
				GCC_DYNAMIC_NO_PIC = NO;
				GCC_NO_COMMON_BLOCKS = YES;
				GCC_OPTIMIZATION_LEVEL = 0;
				GCC_PREPROCESSOR_DEFINITIONS = (
					"DEBUG=1",
					"$(inherited)",
				);
				GCC_WARN_64_TO_32_BIT_CONVERSION = YES;
				GCC_WARN_ABOUT_RETURN_TYPE = YES_ERROR;
				GCC_WARN_UNDECLARED_SELECTOR = YES;
				GCC_WARN_UNINITIALIZED_AUTOS = YES_AGGRESSIVE;
				GCC_WARN_UNUSED_FUNCTION = YES;
				GCC_WARN_UNUSED_VARIABLE = YES;
				IPHONEOS_DEPLOYMENT_TARGET = 17.4;
				LOCALIZATION_PREFERS_STRING_CATALOGS = YES;
				MTL_ENABLE_DEBUG_INFO = INCLUDE_SOURCE;
				MTL_FAST_MATH = YES;
				ONLY_ACTIVE_ARCH = YES;
				SDKROOT = iphoneos;
				SWIFT_ACTIVE_COMPILATION_CONDITIONS = "DEBUG $(inherited)";
				SWIFT_OPTIMIZATION_LEVEL = "-Onone";
			};
			name = Debug;
		};
		773C24EA2BEEA77B00B2B949 /* Release */ = {
			isa = XCBuildConfiguration;
			buildSettings = {
				ALWAYS_SEARCH_USER_PATHS = NO;
				ASSETCATALOG_COMPILER_GENERATE_SWIFT_ASSET_SYMBOL_EXTENSIONS = YES;
				CLANG_ANALYZER_NONNULL = YES;
				CLANG_ANALYZER_NUMBER_OBJECT_CONVERSION = YES_AGGRESSIVE;
				CLANG_CXX_LANGUAGE_STANDARD = "gnu++20";
				CLANG_ENABLE_MODULES = YES;
				CLANG_ENABLE_OBJC_ARC = YES;
				CLANG_ENABLE_OBJC_WEAK = YES;
				CLANG_WARN_BLOCK_CAPTURE_AUTORELEASING = YES;
				CLANG_WARN_BOOL_CONVERSION = YES;
				CLANG_WARN_COMMA = YES;
				CLANG_WARN_CONSTANT_CONVERSION = YES;
				CLANG_WARN_DEPRECATED_OBJC_IMPLEMENTATIONS = YES;
				CLANG_WARN_DIRECT_OBJC_ISA_USAGE = YES_ERROR;
				CLANG_WARN_DOCUMENTATION_COMMENTS = YES;
				CLANG_WARN_EMPTY_BODY = YES;
				CLANG_WARN_ENUM_CONVERSION = YES;
				CLANG_WARN_INFINITE_RECURSION = YES;
				CLANG_WARN_INT_CONVERSION = YES;
				CLANG_WARN_NON_LITERAL_NULL_CONVERSION = YES;
				CLANG_WARN_OBJC_IMPLICIT_RETAIN_SELF = YES;
				CLANG_WARN_OBJC_LITERAL_CONVERSION = YES;
				CLANG_WARN_OBJC_ROOT_CLASS = YES_ERROR;
				CLANG_WARN_QUOTED_INCLUDE_IN_FRAMEWORK_HEADER = YES;
				CLANG_WARN_RANGE_LOOP_ANALYSIS = YES;
				CLANG_WARN_STRICT_PROTOTYPES = YES;
				CLANG_WARN_SUSPICIOUS_MOVE = YES;
				CLANG_WARN_UNGUARDED_AVAILABILITY = YES_AGGRESSIVE;
				CLANG_WARN_UNREACHABLE_CODE = YES;
				CLANG_WARN__DUPLICATE_METHOD_MATCH = YES;
				COPY_PHASE_STRIP = NO;
				DEBUG_INFORMATION_FORMAT = "dwarf-with-dsym";
				ENABLE_NS_ASSERTIONS = NO;
				ENABLE_STRICT_OBJC_MSGSEND = YES;
				ENABLE_USER_SCRIPT_SANDBOXING = YES;
				GCC_C_LANGUAGE_STANDARD = gnu17;
				GCC_NO_COMMON_BLOCKS = YES;
				GCC_WARN_64_TO_32_BIT_CONVERSION = YES;
				GCC_WARN_ABOUT_RETURN_TYPE = YES_ERROR;
				GCC_WARN_UNDECLARED_SELECTOR = YES;
				GCC_WARN_UNINITIALIZED_AUTOS = YES_AGGRESSIVE;
				GCC_WARN_UNUSED_FUNCTION = YES;
				GCC_WARN_UNUSED_VARIABLE = YES;
				IPHONEOS_DEPLOYMENT_TARGET = 17.4;
				LOCALIZATION_PREFERS_STRING_CATALOGS = YES;
				MTL_ENABLE_DEBUG_INFO = NO;
				MTL_FAST_MATH = YES;
				SDKROOT = iphoneos;
				SWIFT_COMPILATION_MODE = wholemodule;
				VALIDATE_PRODUCT = YES;
			};
			name = Release;
		};
		773C24EC2BEEA77B00B2B949 /* Debug */ = {
			isa = XCBuildConfiguration;
			buildSettings = {
				ASSETCATALOG_COMPILER_APPICON_NAME = AppIcon;
				ASSETCATALOG_COMPILER_GLOBAL_ACCENT_COLOR_NAME = AccentColor;
				CODE_SIGN_STYLE = Automatic;
				CURRENT_PROJECT_VERSION = 1;
				DEVELOPMENT_ASSET_PATHS = "\"Budget Voyage/Preview Content\"";
				DEVELOPMENT_TEAM = GWR769D53A;
				ENABLE_PREVIEWS = YES;
				GENERATE_INFOPLIST_FILE = YES;
				INFOPLIST_KEY_UIApplicationSceneManifest_Generation = YES;
				INFOPLIST_KEY_UIApplicationSupportsIndirectInputEvents = YES;
				INFOPLIST_KEY_UILaunchScreen_Generation = YES;
				INFOPLIST_KEY_UISupportedInterfaceOrientations_iPad = "UIInterfaceOrientationPortrait UIInterfaceOrientationPortraitUpsideDown UIInterfaceOrientationLandscapeLeft UIInterfaceOrientationLandscapeRight";
				INFOPLIST_KEY_UISupportedInterfaceOrientations_iPhone = "UIInterfaceOrientationPortrait UIInterfaceOrientationLandscapeLeft UIInterfaceOrientationLandscapeRight";
				LD_RUNPATH_SEARCH_PATHS = (
					"$(inherited)",
					"@executable_path/Frameworks",
				);
				MARKETING_VERSION = 1.0;
				PRODUCT_BUNDLE_IDENTIFIER = "Olga.Budget-Voyage";
				PRODUCT_NAME = "$(TARGET_NAME)";
				SWIFT_EMIT_LOC_STRINGS = YES;
				SWIFT_VERSION = 5.0;
				TARGETED_DEVICE_FAMILY = "1,2";
			};
			name = Debug;
		};
		773C24ED2BEEA77B00B2B949 /* Release */ = {
			isa = XCBuildConfiguration;
			buildSettings = {
				ASSETCATALOG_COMPILER_APPICON_NAME = AppIcon;
				ASSETCATALOG_COMPILER_GLOBAL_ACCENT_COLOR_NAME = AccentColor;
				CODE_SIGN_STYLE = Automatic;
				CURRENT_PROJECT_VERSION = 1;
				DEVELOPMENT_ASSET_PATHS = "\"Budget Voyage/Preview Content\"";
				DEVELOPMENT_TEAM = GWR769D53A;
				ENABLE_PREVIEWS = YES;
				GENERATE_INFOPLIST_FILE = YES;
				INFOPLIST_KEY_UIApplicationSceneManifest_Generation = YES;
				INFOPLIST_KEY_UIApplicationSupportsIndirectInputEvents = YES;
				INFOPLIST_KEY_UILaunchScreen_Generation = YES;
				INFOPLIST_KEY_UISupportedInterfaceOrientations_iPad = "UIInterfaceOrientationPortrait UIInterfaceOrientationPortraitUpsideDown UIInterfaceOrientationLandscapeLeft UIInterfaceOrientationLandscapeRight";
				INFOPLIST_KEY_UISupportedInterfaceOrientations_iPhone = "UIInterfaceOrientationPortrait UIInterfaceOrientationLandscapeLeft UIInterfaceOrientationLandscapeRight";
				LD_RUNPATH_SEARCH_PATHS = (
					"$(inherited)",
					"@executable_path/Frameworks",
				);
				MARKETING_VERSION = 1.0;
				PRODUCT_BUNDLE_IDENTIFIER = "Olga.Budget-Voyage";
				PRODUCT_NAME = "$(TARGET_NAME)";
				SWIFT_EMIT_LOC_STRINGS = YES;
				SWIFT_VERSION = 5.0;
				TARGETED_DEVICE_FAMILY = "1,2";
			};
			name = Release;
		};
/* End XCBuildConfiguration section */

/* Begin XCConfigurationList section */
		773C24D82BEEA77700B2B949 /* Build configuration list for PBXProject "Budget Voyage" */ = {
			isa = XCConfigurationList;
			buildConfigurations = (
				773C24E92BEEA77B00B2B949 /* Debug */,
				773C24EA2BEEA77B00B2B949 /* Release */,
			);
			defaultConfigurationIsVisible = 0;
			defaultConfigurationName = Release;
		};
		773C24EB2BEEA77B00B2B949 /* Build configuration list for PBXNativeTarget "Budget Voyage" */ = {
			isa = XCConfigurationList;
			buildConfigurations = (
				773C24EC2BEEA77B00B2B949 /* Debug */,
				773C24ED2BEEA77B00B2B949 /* Release */,
			);
			defaultConfigurationIsVisible = 0;
			defaultConfigurationName = Release;
		};
/* End XCConfigurationList section */
	};
	rootObject = 773C24D52BEEA77700B2B949 /* Project object */;
}
